SITE
  remote: https://supermarket.getchef.com/api/v1
  specs:
    apt (2.5.3)
    build-essential (2.0.0)
    mysql (5.4.4)
      yum-mysql-community (>= 0.0.0)
    yum (3.2.4)
    yum-mysql-community (0.1.10)
      yum (>= 3.0)

GIT
  remote: git@github.com:articlemetrics/passenger_nginx-cookbook.git
  ref: master
  sha: 6d8544e278482a315040545c6fa3bb1d12de27c0
  specs:
    passenger_nginx (0.1.11)
      apt (~> 2.5.3)
      build-essential (= 2.0.0)
      ruby (~> 0.1.0)

GIT
  remote: git@github.com:articlemetrics/ruby-cookbook.git
  ref: master
  sha: 117a7dbd0403b190d3a847849b566de57baa7897
  specs:
    ruby (0.1.4)
      apt (~> 2.5.3)
      build-essential (= 2.0.0)

PATH
  remote: ../capistrano-cookbook
  specs:
    capistrano (0.2.13)
      mysql (~> 5.4.3)
      passenger_nginx (~> 0.1.0)
      ruby (~> 0.1.0)

DEPENDENCIES
  capistrano (>= 0)
  mysql (>= 0)
  passenger_nginx (>= 0)
  ruby (>= 0)

